
Microsoft Visual Studio Solution File, Format Version 12.00
# Visual Studio 15
VisualStudioVersion = 15.0.26430.12
MinimumVisualStudioVersion = 10.0.40219.1
Project("{2150E333-8FDC-42A3-9474-1A3956D46DE8}") = "src", "src", "{6F2BD4C2-4CAA-4982-BD76-77D6D999B228}"
EndProject
Project("{2150E333-8FDC-42A3-9474-1A3956D46DE8}") = "Solution Items", "Solution Items", "{094F3703-336E-4E77-9765-66D4099C4451}"
EndProject
Project("{2150E333-8FDC-42A3-9474-1A3956D46DE8}") = "test", "test", "{4C5130D5-977E-4936-ABD5-8B8D8EDCBB67}"
EndProject
Project("{2150E333-8FDC-42A3-9474-1A3956D46DE8}") = "web", "web", "{B80E709A-44FD-4B92-83CB-C3F9570074E1}"
EndProject
Project("{9A19103F-16F7-4668-BE54-9A1E7A4F7556}") = "ACs.Security", "src\ACs.Security\ACs.Security.csproj", "{2842F296-C694-4D09-B5E6-A8807E2C1240}"
EndProject
Project("{9A19103F-16F7-4668-BE54-9A1E7A4F7556}") = "ACs.Security.Jwt", "src\ACs.Security.Jwt\ACs.Security.Jwt.csproj", "{F7D1F6FA-F5C3-41D5-AE64-B0901AD3B381}"
EndProject
Project("{9A19103F-16F7-4668-BE54-9A1E7A4F7556}") = "ACs.NHibernate", "src\ACs.NHibernate\ACs.NHibernate.csproj", "{7611E89A-7F4E-48A2-8DDB-7A31DF4FF93A}"
EndProject
Project("{9A19103F-16F7-4668-BE54-9A1E7A4F7556}") = "ACs.NHibernate.Generic", "src\ACs.NHibernate.Generic\ACs.NHibernate.Generic.csproj", "{2841AB12-697C-427F-85BC-D537B914AC93}"
EndProject
Project("{9A19103F-16F7-4668-BE54-9A1E7A4F7556}") = "ACs.NHibernate.AspnetCore", "src\ACs.NHibernate.AspnetCore\ACs.NHibernate.AspnetCore.csproj", "{20F07A16-ED88-41DA-8171-823C22A213CE}"
EndProject
Project("{9A19103F-16F7-4668-BE54-9A1E7A4F7556}") = "ACs.Net.Mail", "src\ACs.Net.Mail\ACs.Net.Mail.csproj", "{50123336-DED2-4A1F-84D1-289BCF2222B9}"
EndProject
Project("{9A19103F-16F7-4668-BE54-9A1E7A4F7556}") = "ACs.Net.Mail.Message", "src\ACs.Net.Mail.Message\ACs.Net.Mail.Message.csproj", "{18B23EC8-AAFD-4B52-80D5-36556CB232D3}"
EndProject
Project("{9A19103F-16F7-4668-BE54-9A1E7A4F7556}") = "ACs.Misc", "src\ACs.Misc\ACs.Misc.csproj", "{F9086AFC-6540-4F13-AB48-C286C2D4BCD2}"
EndProject
Project("{9A19103F-16F7-4668-BE54-9A1E7A4F7556}") = "ACs.Imaging", "src\ACs.Imaging\ACs.Imaging.csproj", "{597F46A2-C849-4830-B632-3DCF14EAD4EA}"
EndProject
Project("{9A19103F-16F7-4668-BE54-9A1E7A4F7556}") = "ACs.Angular.AspnetCore", "src\ACs.Angular.AspnetCore\ACs.Angular.AspnetCore.csproj", "{D977F71E-6D90-403F-AC21-BA3302676D77}"
EndProject
Project("{9A19103F-16F7-4668-BE54-9A1E7A4F7556}") = "ACs.EntityFramework", "src\ACs.EntityFramework\ACs.EntityFramework.csproj", "{484C9EFB-C875-4EAD-9F53-CACCE2C8AEF5}"
EndProject
Project("{9A19103F-16F7-4668-BE54-9A1E7A4F7556}") = "ACs.EntityFramework.Generic", "src\ACs.EntityFramework.Generic\ACs.EntityFramework.Generic.csproj", "{C2A971C1-231C-4E43-852B-D04C72E796F4}"
EndProject
Project("{9A19103F-16F7-4668-BE54-9A1E7A4F7556}") = "ACs.Framework.Web", "web\ACs.Framework.Web\ACs.Framework.Web.csproj", "{49836AC7-4A56-47F3-BA2F-74B9D8EE627E}"
EndProject
Project("{9A19103F-16F7-4668-BE54-9A1E7A4F7556}") = "ACs.ErrorHandler.AspnetCore", "src\ACs.ErrorHandler.AspnetCore\ACs.ErrorHandler.AspnetCore.csproj", "{1EDD1E21-7F59-49B0-B398-376C5C180A16}"
EndProject
Project("{9A19103F-16F7-4668-BE54-9A1E7A4F7556}") = "ACs.Net.Mail.Tests", "test\ACs.Net.Mail.Tests\ACs.Net.Mail.Tests.csproj", "{0BC401EA-EC0A-4753-A68B-057AF3527891}"
EndProject
Global
	GlobalSection(SolutionConfigurationPlatforms) = preSolution
		Debug|Any CPU = Debug|Any CPU
		Release|Any CPU = Release|Any CPU
	EndGlobalSection
	GlobalSection(ProjectConfigurationPlatforms) = postSolution
		{2842F296-C694-4D09-B5E6-A8807E2C1240}.Debug|Any CPU.ActiveCfg = Debug|Any CPU
		{2842F296-C694-4D09-B5E6-A8807E2C1240}.Debug|Any CPU.Build.0 = Debug|Any CPU
		{2842F296-C694-4D09-B5E6-A8807E2C1240}.Release|Any CPU.ActiveCfg = Release|Any CPU
		{2842F296-C694-4D09-B5E6-A8807E2C1240}.Release|Any CPU.Build.0 = Release|Any CPU
		{F7D1F6FA-F5C3-41D5-AE64-B0901AD3B381}.Debug|Any CPU.ActiveCfg = Debug|Any CPU
		{F7D1F6FA-F5C3-41D5-AE64-B0901AD3B381}.Debug|Any CPU.Build.0 = Debug|Any CPU
		{F7D1F6FA-F5C3-41D5-AE64-B0901AD3B381}.Release|Any CPU.ActiveCfg = Release|Any CPU
		{F7D1F6FA-F5C3-41D5-AE64-B0901AD3B381}.Release|Any CPU.Build.0 = Release|Any CPU
		{7611E89A-7F4E-48A2-8DDB-7A31DF4FF93A}.Debug|Any CPU.ActiveCfg = Debug|Any CPU
		{7611E89A-7F4E-48A2-8DDB-7A31DF4FF93A}.Debug|Any CPU.Build.0 = Debug|Any CPU
		{7611E89A-7F4E-48A2-8DDB-7A31DF4FF93A}.Release|Any CPU.ActiveCfg = Release|Any CPU
		{7611E89A-7F4E-48A2-8DDB-7A31DF4FF93A}.Release|Any CPU.Build.0 = Release|Any CPU
		{2841AB12-697C-427F-85BC-D537B914AC93}.Debug|Any CPU.ActiveCfg = Debug|Any CPU
		{2841AB12-697C-427F-85BC-D537B914AC93}.Debug|Any CPU.Build.0 = Debug|Any CPU
		{2841AB12-697C-427F-85BC-D537B914AC93}.Release|Any CPU.ActiveCfg = Release|Any CPU
		{2841AB12-697C-427F-85BC-D537B914AC93}.Release|Any CPU.Build.0 = Release|Any CPU
		{20F07A16-ED88-41DA-8171-823C22A213CE}.Debug|Any CPU.ActiveCfg = Debug|Any CPU
		{20F07A16-ED88-41DA-8171-823C22A213CE}.Debug|Any CPU.Build.0 = Debug|Any CPU
		{20F07A16-ED88-41DA-8171-823C22A213CE}.Release|Any CPU.ActiveCfg = Release|Any CPU
		{20F07A16-ED88-41DA-8171-823C22A213CE}.Release|Any CPU.Build.0 = Release|Any CPU
		{50123336-DED2-4A1F-84D1-289BCF2222B9}.Debug|Any CPU.ActiveCfg = Debug|Any CPU
		{50123336-DED2-4A1F-84D1-289BCF2222B9}.Debug|Any CPU.Build.0 = Debug|Any CPU
		{50123336-DED2-4A1F-84D1-289BCF2222B9}.Release|Any CPU.ActiveCfg = Release|Any CPU
		{50123336-DED2-4A1F-84D1-289BCF2222B9}.Release|Any CPU.Build.0 = Release|Any CPU
		{18B23EC8-AAFD-4B52-80D5-36556CB232D3}.Debug|Any CPU.ActiveCfg = Debug|Any CPU
		{18B23EC8-AAFD-4B52-80D5-36556CB232D3}.Debug|Any CPU.Build.0 = Debug|Any CPU
		{18B23EC8-AAFD-4B52-80D5-36556CB232D3}.Release|Any CPU.ActiveCfg = Release|Any CPU
		{18B23EC8-AAFD-4B52-80D5-36556CB232D3}.Release|Any CPU.Build.0 = Release|Any CPU
		{F9086AFC-6540-4F13-AB48-C286C2D4BCD2}.Debug|Any CPU.ActiveCfg = Debug|Any CPU
		{F9086AFC-6540-4F13-AB48-C286C2D4BCD2}.Debug|Any CPU.Build.0 = Debug|Any CPU
		{F9086AFC-6540-4F13-AB48-C286C2D4BCD2}.Release|Any CPU.ActiveCfg = Release|Any CPU
		{F9086AFC-6540-4F13-AB48-C286C2D4BCD2}.Release|Any CPU.Build.0 = Release|Any CPU
		{597F46A2-C849-4830-B632-3DCF14EAD4EA}.Debug|Any CPU.ActiveCfg = Debug|Any CPU
		{597F46A2-C849-4830-B632-3DCF14EAD4EA}.Debug|Any CPU.Build.0 = Debug|Any CPU
		{597F46A2-C849-4830-B632-3DCF14EAD4EA}.Release|Any CPU.ActiveCfg = Release|Any CPU
		{597F46A2-C849-4830-B632-3DCF14EAD4EA}.Release|Any CPU.Build.0 = Release|Any CPU
		{D977F71E-6D90-403F-AC21-BA3302676D77}.Debug|Any CPU.ActiveCfg = Debug|Any CPU
		{D977F71E-6D90-403F-AC21-BA3302676D77}.Debug|Any CPU.Build.0 = Debug|Any CPU
		{D977F71E-6D90-403F-AC21-BA3302676D77}.Release|Any CPU.ActiveCfg = Release|Any CPU
		{D977F71E-6D90-403F-AC21-BA3302676D77}.Release|Any CPU.Build.0 = Release|Any CPU
		{484C9EFB-C875-4EAD-9F53-CACCE2C8AEF5}.Debug|Any CPU.ActiveCfg = Debug|Any CPU
		{484C9EFB-C875-4EAD-9F53-CACCE2C8AEF5}.Debug|Any CPU.Build.0 = Debug|Any CPU
		{484C9EFB-C875-4EAD-9F53-CACCE2C8AEF5}.Release|Any CPU.ActiveCfg = Release|Any CPU
		{484C9EFB-C875-4EAD-9F53-CACCE2C8AEF5}.Release|Any CPU.Build.0 = Release|Any CPU
		{C2A971C1-231C-4E43-852B-D04C72E796F4}.Debug|Any CPU.ActiveCfg = Debug|Any CPU
		{C2A971C1-231C-4E43-852B-D04C72E796F4}.Debug|Any CPU.Build.0 = Debug|Any CPU
		{C2A971C1-231C-4E43-852B-D04C72E796F4}.Release|Any CPU.ActiveCfg = Release|Any CPU
		{C2A971C1-231C-4E43-852B-D04C72E796F4}.Release|Any CPU.Build.0 = Release|Any CPU
		{49836AC7-4A56-47F3-BA2F-74B9D8EE627E}.Debug|Any CPU.ActiveCfg = Debug|Any CPU
		{49836AC7-4A56-47F3-BA2F-74B9D8EE627E}.Debug|Any CPU.Build.0 = Debug|Any CPU
		{49836AC7-4A56-47F3-BA2F-74B9D8EE627E}.Release|Any CPU.ActiveCfg = Release|Any CPU
		{49836AC7-4A56-47F3-BA2F-74B9D8EE627E}.Release|Any CPU.Build.0 = Release|Any CPU
		{1EDD1E21-7F59-49B0-B398-376C5C180A16}.Debug|Any CPU.ActiveCfg = Debug|Any CPU
		{1EDD1E21-7F59-49B0-B398-376C5C180A16}.Debug|Any CPU.Build.0 = Debug|Any CPU
		{1EDD1E21-7F59-49B0-B398-376C5C180A16}.Release|Any CPU.ActiveCfg = Release|Any CPU
		{1EDD1E21-7F59-49B0-B398-376C5C180A16}.Release|Any CPU.Build.0 = Release|Any CPU
		{0BC401EA-EC0A-4753-A68B-057AF3527891}.Debug|Any CPU.ActiveCfg = Debug|Any CPU
		{0BC401EA-EC0A-4753-A68B-057AF3527891}.Debug|Any CPU.Build.0 = Debug|Any CPU
		{0BC401EA-EC0A-4753-A68B-057AF3527891}.Release|Any CPU.ActiveCfg = Release|Any CPU
		{0BC401EA-EC0A-4753-A68B-057AF3527891}.Release|Any CPU.Build.0 = Release|Any CPU
	EndGlobalSection
	GlobalSection(SolutionProperties) = preSolution
		HideSolutionNode = FALSE
	EndGlobalSection
	GlobalSection(NestedProjects) = preSolution
		{2842F296-C694-4D09-B5E6-A8807E2C1240} = {6F2BD4C2-4CAA-4982-BD76-77D6D999B228}
		{F7D1F6FA-F5C3-41D5-AE64-B0901AD3B381} = {6F2BD4C2-4CAA-4982-BD76-77D6D999B228}
		{7611E89A-7F4E-48A2-8DDB-7A31DF4FF93A} = {6F2BD4C2-4CAA-4982-BD76-77D6D999B228}
		{2841AB12-697C-427F-85BC-D537B914AC93} = {6F2BD4C2-4CAA-4982-BD76-77D6D999B228}
		{20F07A16-ED88-41DA-8171-823C22A213CE} = {6F2BD4C2-4CAA-4982-BD76-77D6D999B228}
		{50123336-DED2-4A1F-84D1-289BCF2222B9} = {6F2BD4C2-4CAA-4982-BD76-77D6D999B228}
		{18B23EC8-AAFD-4B52-80D5-36556CB232D3} = {6F2BD4C2-4CAA-4982-BD76-77D6D999B228}
		{F9086AFC-6540-4F13-AB48-C286C2D4BCD2} = {6F2BD4C2-4CAA-4982-BD76-77D6D999B228}
		{597F46A2-C849-4830-B632-3DCF14EAD4EA} = {6F2BD4C2-4CAA-4982-BD76-77D6D999B228}
		{D977F71E-6D90-403F-AC21-BA3302676D77} = {6F2BD4C2-4CAA-4982-BD76-77D6D999B228}
		{484C9EFB-C875-4EAD-9F53-CACCE2C8AEF5} = {6F2BD4C2-4CAA-4982-BD76-77D6D999B228}
		{C2A971C1-231C-4E43-852B-D04C72E796F4} = {6F2BD4C2-4CAA-4982-BD76-77D6D999B228}
		{49836AC7-4A56-47F3-BA2F-74B9D8EE627E} = {B80E709A-44FD-4B92-83CB-C3F9570074E1}
		{1EDD1E21-7F59-49B0-B398-376C5C180A16} = {6F2BD4C2-4CAA-4982-BD76-77D6D999B228}
		{0BC401EA-EC0A-4753-A68B-057AF3527891} = {4C5130D5-977E-4936-ABD5-8B8D8EDCBB67}
	EndGlobalSection
EndGlobal
